
Microsoft Visual Studio Solution File, Format Version 12.00
# Visual Studio 2013
VisualStudioVersion = 12.0.31101.0
MinimumVisualStudioVersion = 10.0.40219.1
Project("{2150E333-8FDC-42A3-9474-1A3956D46DE8}") = "Apps", "Apps", "{878F99C7-48CE-4644-8F82-7B44CF2BF7E5}"
EndProject
Project("{2150E333-8FDC-42A3-9474-1A3956D46DE8}") = "Common", "Common", "{4BF588F0-54C4-4692-9A7F-39A716D96EC9}"
EndProject
Project("{2150E333-8FDC-42A3-9474-1A3956D46DE8}") = "FfbMon", "FfbMon", "{D74289C5-C042-49A8-BEA3-1BB01A957F12}"
EndProject
Project("{2150E333-8FDC-42A3-9474-1A3956D46DE8}") = "vJoyConf", "vJoyConf", "{563F6382-1E14-4CC6-B585-911D926CA024}"
EndProject
Project("{2150E333-8FDC-42A3-9474-1A3956D46DE8}") = "vJoyFeeder", "vJoyFeeder", "{5F06837F-2D5D-4092-988C-98E85828EDDD}"
EndProject
Project("{2150E333-8FDC-42A3-9474-1A3956D46DE8}") = "vJoyInstall", "vJoyInstall", "{B495920F-94BC-4CA3-88B4-AB5B17E69811}"
EndProject
Project("{2150E333-8FDC-42A3-9474-1A3956D46DE8}") = "vJoyInterface", "vJoyInterface", "{8C41E4ED-42D4-4C03-BCF5-BB7E90DCC855}"
EndProject
Project("{2150E333-8FDC-42A3-9474-1A3956D46DE8}") = "vJoyInterfaceCS", "vJoyInterfaceCS", "{31B2B27C-8A9A-4A0A-94DC-D8F8A0BC83A7}"
EndProject
Project("{2150E333-8FDC-42A3-9474-1A3956D46DE8}") = "CmdLine", "CmdLine", "{6A4D721C-0671-49F6-A59D-3057273DBF84}"
EndProject
Project("{2150E333-8FDC-42A3-9474-1A3956D46DE8}") = "Lib", "Lib", "{BA8D3CFD-EF2E-4C35-8042-A18791B756F6}"
EndProject
Project("{8BC9CEB8-8B4A-11D0-8D11-00A0C91BC942}") = "vJoyInstall", "apps\vJoyInstall\CmdLine\vJoyInstall2013.vcxproj", "{4ADC2F16-F17A-414E-A990-726D7A2F15A6}"
EndProject
Project("{8BC9CEB8-8B4A-11D0-8D11-00A0C91BC942}") = "vJoyInstall", "apps\vJoyInstall\vJoyInstall2013.vcxproj", "{8971D7E3-7880-4660-9DEE-A0C59A54B347}"
EndProject
Project("{8BC9CEB8-8B4A-11D0-8D11-00A0C91BC942}") = "vJoyConf", "apps\vJoyConf\vJoyConf2013.vcxproj", "{B9A43168-309F-45A0-AC09-014787390F02}"
EndProject
Global
	GlobalSection(SolutionConfigurationPlatforms) = preSolution
		Debug|Mixed Platforms = Debug|Mixed Platforms
		Debug|Win32 = Debug|Win32
		Debug|x64 = Debug|x64
		Release|Mixed Platforms = Release|Mixed Platforms
		Release|Win32 = Release|Win32
		Release|x64 = Release|x64
	EndGlobalSection
	GlobalSection(ProjectConfigurationPlatforms) = postSolution
		{4ADC2F16-F17A-414E-A990-726D7A2F15A6}.Debug|Mixed Platforms.ActiveCfg = Debug|Win32
		{4ADC2F16-F17A-414E-A990-726D7A2F15A6}.Debug|Mixed Platforms.Build.0 = Debug|Win32
		{4ADC2F16-F17A-414E-A990-726D7A2F15A6}.Debug|Win32.ActiveCfg = Debug|Win32
		{4ADC2F16-F17A-414E-A990-726D7A2F15A6}.Debug|Win32.Build.0 = Debug|Win32
		{4ADC2F16-F17A-414E-A990-726D7A2F15A6}.Debug|x64.ActiveCfg = Debug|x64
		{4ADC2F16-F17A-414E-A990-726D7A2F15A6}.Debug|x64.Build.0 = Debug|x64
		{4ADC2F16-F17A-414E-A990-726D7A2F15A6}.Release|Mixed Platforms.ActiveCfg = Release|Win32
		{4ADC2F16-F17A-414E-A990-726D7A2F15A6}.Release|Mixed Platforms.Build.0 = Release|Win32
		{4ADC2F16-F17A-414E-A990-726D7A2F15A6}.Release|Win32.ActiveCfg = Release|Win32
		{4ADC2F16-F17A-414E-A990-726D7A2F15A6}.Release|Win32.Build.0 = Release|Win32
		{4ADC2F16-F17A-414E-A990-726D7A2F15A6}.Release|x64.ActiveCfg = Release|x64
		{4ADC2F16-F17A-414E-A990-726D7A2F15A6}.Release|x64.Build.0 = Release|x64
		{8971D7E3-7880-4660-9DEE-A0C59A54B347}.Debug|Mixed Platforms.ActiveCfg = Debug|Win32
		{8971D7E3-7880-4660-9DEE-A0C59A54B347}.Debug|Mixed Platforms.Build.0 = Debug|Win32
		{8971D7E3-7880-4660-9DEE-A0C59A54B347}.Debug|Win32.ActiveCfg = Debug|Win32
		{8971D7E3-7880-4660-9DEE-A0C59A54B347}.Debug|Win32.Build.0 = Debug|Win32
		{8971D7E3-7880-4660-9DEE-A0C59A54B347}.Debug|x64.ActiveCfg = Debug|x64
		{8971D7E3-7880-4660-9DEE-A0C59A54B347}.Release|Mixed Platforms.ActiveCfg = Release|Win32
		{8971D7E3-7880-4660-9DEE-A0C59A54B347}.Release|Mixed Platforms.Build.0 = Release|Win32
		{8971D7E3-7880-4660-9DEE-A0C59A54B347}.Release|Win32.ActiveCfg = Release|Win32
		{8971D7E3-7880-4660-9DEE-A0C59A54B347}.Release|Win32.Build.0 = Release|Win32
		{8971D7E3-7880-4660-9DEE-A0C59A54B347}.Release|x64.ActiveCfg = Release|x64
		{8971D7E3-7880-4660-9DEE-A0C59A54B347}.Release|x64.Build.0 = Release|x64
		{B9A43168-309F-45A0-AC09-014787390F02}.Debug|Mixed Platforms.ActiveCfg = Debug|Win32
		{B9A43168-309F-45A0-AC09-014787390F02}.Debug|Mixed Platforms.Build.0 = Debug|Win32
		{B9A43168-309F-45A0-AC09-014787390F02}.Debug|Win32.ActiveCfg = Debug|Win32
		{B9A43168-309F-45A0-AC09-014787390F02}.Debug|Win32.Build.0 = Debug|Win32
		{B9A43168-309F-45A0-AC09-014787390F02}.Debug|x64.ActiveCfg = Debug|x64
		{B9A43168-309F-45A0-AC09-014787390F02}.Release|Mixed Platforms.ActiveCfg = Release|Win32
		{B9A43168-309F-45A0-AC09-014787390F02}.Release|Mixed Platforms.Build.0 = Release|Win32
		{B9A43168-309F-45A0-AC09-014787390F02}.Release|Win32.ActiveCfg = Release|Win32
		{B9A43168-309F-45A0-AC09-014787390F02}.Release|Win32.Build.0 = Release|Win32
		{B9A43168-309F-45A0-AC09-014787390F02}.Release|x64.ActiveCfg = Release|x64
		{B9A43168-309F-45A0-AC09-014787390F02}.Release|x64.Build.0 = Release|x64
	EndGlobalSection
	GlobalSection(SolutionProperties) = preSolution
		HideSolutionNode = FALSE
	EndGlobalSection
	GlobalSection(NestedProjects) = preSolution
		{4BF588F0-54C4-4692-9A7F-39A716D96EC9} = {878F99C7-48CE-4644-8F82-7B44CF2BF7E5}
		{D74289C5-C042-49A8-BEA3-1BB01A957F12} = {878F99C7-48CE-4644-8F82-7B44CF2BF7E5}
		{563F6382-1E14-4CC6-B585-911D926CA024} = {878F99C7-48CE-4644-8F82-7B44CF2BF7E5}
		{5F06837F-2D5D-4092-988C-98E85828EDDD} = {878F99C7-48CE-4644-8F82-7B44CF2BF7E5}
		{B495920F-94BC-4CA3-88B4-AB5B17E69811} = {878F99C7-48CE-4644-8F82-7B44CF2BF7E5}
		{8C41E4ED-42D4-4C03-BCF5-BB7E90DCC855} = {4BF588F0-54C4-4692-9A7F-39A716D96EC9}
		{31B2B27C-8A9A-4A0A-94DC-D8F8A0BC83A7} = {4BF588F0-54C4-4692-9A7F-39A716D96EC9}
		{6A4D721C-0671-49F6-A59D-3057273DBF84} = {B495920F-94BC-4CA3-88B4-AB5B17E69811}
		{BA8D3CFD-EF2E-4C35-8042-A18791B756F6} = {B495920F-94BC-4CA3-88B4-AB5B17E69811}
		{4ADC2F16-F17A-414E-A990-726D7A2F15A6} = {6A4D721C-0671-49F6-A59D-3057273DBF84}
		{8971D7E3-7880-4660-9DEE-A0C59A54B347} = {BA8D3CFD-EF2E-4C35-8042-A18791B756F6}
		{B9A43168-309F-45A0-AC09-014787390F02} = {563F6382-1E14-4CC6-B585-911D926CA024}
	EndGlobalSection
EndGlobal
