
Microsoft Visual Studio Solution File, Format Version 12.00
# Visual Studio 14
VisualStudioVersion = 14.0.25420.1
MinimumVisualStudioVersion = 12.0
Project("{2150E333-8FDC-42A3-9474-1A3956D46DE8}") = "FfbMon", "FfbMon", "{6FD535C1-9D8A-4AD2-835E-FA6BF948B424}"
EndProject
Project("{2150E333-8FDC-42A3-9474-1A3956D46DE8}") = "Apps", "Apps", "{668338B4-E510-42C4-B7B1-E98608F8C0B0}"
EndProject
Project("{2150E333-8FDC-42A3-9474-1A3956D46DE8}") = "VJoyFeeder", "VJoyFeeder", "{BACB45A8-0AC0-4B4A-9137-48C6494F2446}"
EndProject
Project("{2150E333-8FDC-42A3-9474-1A3956D46DE8}") = "VJoyConf", "VJoyConf", "{0A24890D-76D1-4044-8885-15DC357AAA70}"
EndProject
Project("{2150E333-8FDC-42A3-9474-1A3956D46DE8}") = "CmdLine", "CmdLine", "{A0E111DD-0F0C-4DA5-936A-34FF37C3EFDE}"
EndProject
Project("{2150E333-8FDC-42A3-9474-1A3956D46DE8}") = "VJoyInstall", "VJoyInstall", "{39749E0E-8EC8-492F-8702-59A408F0CA5C}"
EndProject
Project("{2150E333-8FDC-42A3-9474-1A3956D46DE8}") = "VJoyInterfaceCS", "VJoyInterfaceCS", "{EE25C6D2-2397-4337-93DE-1A0CCA0C1FEE}"
EndProject
Project("{2150E333-8FDC-42A3-9474-1A3956D46DE8}") = "Common", "Common", "{4F56177A-5705-42C4-8453-A28871834EA9}"
EndProject
Project("{2150E333-8FDC-42A3-9474-1A3956D46DE8}") = "VJoyInterface Lib", "VJoyInterface Lib", "{15626DC7-E2CA-4CC1-B6F7-A069A014BF64}"
EndProject
Project("{2150E333-8FDC-42A3-9474-1A3956D46DE8}") = "Sys", "Sys", "{061C42F1-C6BD-4706-B0B6-40B8C8E3554F}"
EndProject
Project("{2150E333-8FDC-42A3-9474-1A3956D46DE8}") = "Driver", "Driver", "{40321228-D560-42FF-BE00-4862AC4296A6}"
EndProject
Project("{8BC9CEB8-8B4A-11D0-8D11-00A0C91BC942}") = "FfbMon", "apps\FfbMon\FfbMon.vcxproj", "{F47958E4-9FF0-4E14-910A-1BA0A0F6D863}"
	ProjectSection(ProjectDependencies) = postProject
		{9E1FC894-F587-4FBA-8599-2F8C544E061A} = {9E1FC894-F587-4FBA-8599-2F8C544E061A}
	EndProjectSection
EndProject
Project("{8BC9CEB8-8B4A-11D0-8D11-00A0C91BC942}") = "vJoyFeeder", "apps\vJoyFeeder\vJoyFeeder.vcxproj", "{0B6F020D-754E-4B0D-9575-BAA03E0FBABD}"
	ProjectSection(ProjectDependencies) = postProject
		{9E1FC894-F587-4FBA-8599-2F8C544E061A} = {9E1FC894-F587-4FBA-8599-2F8C544E061A}
	EndProjectSection
EndProject
Project("{8BC9CEB8-8B4A-11D0-8D11-00A0C91BC942}") = "vJoyConf", "apps\vJoyConf\vJoyConf.vcxproj", "{DB7872FF-B0E0-46F6-A070-F059BBBAC659}"
	ProjectSection(ProjectDependencies) = postProject
		{E8EF423A-0C43-44E3-AF98-5400D82DA827} = {E8EF423A-0C43-44E3-AF98-5400D82DA827}
		{9E1FC894-F587-4FBA-8599-2F8C544E061A} = {9E1FC894-F587-4FBA-8599-2F8C544E061A}
	EndProjectSection
EndProject
Project("{FAE04EC0-301F-11D3-BF4B-00C04F79EFBC}") = "vJoyInterfaceWrap", "apps\common\vJoyInterfaceCS\vJoyInterfaceWrap\vJoyInterfaceWrap.csproj", "{FF5AAE17-BA16-46B5-8C7B-AC860878D008}"
	ProjectSection(ProjectDependencies) = postProject
		{9E1FC894-F587-4FBA-8599-2F8C544E061A} = {9E1FC894-F587-4FBA-8599-2F8C544E061A}
	EndProjectSection
EndProject
Project("{FAE04EC0-301F-11D3-BF4B-00C04F79EFBC}") = "WrapperTest", "apps\common\vJoyInterfaceCS\WrapperTest\WrapperTest.csproj", "{23F03B03-B65E-47EF-A61C-FB4631FBA71C}"
EndProject
Project("{8BC9CEB8-8B4A-11D0-8D11-00A0C91BC942}") = "vJoyConfig", "apps\vJoyConf\vJoyConfig\vJoyConfig.vcxproj", "{DF01DF55-7429-484F-BB05-3717830A2F22}"
	ProjectSection(ProjectDependencies) = postProject
		{9794FF85-60A8-4E93-8BD0-D99F7167E70A} = {9794FF85-60A8-4E93-8BD0-D99F7167E70A}
		{9E1FC894-F587-4FBA-8599-2F8C544E061A} = {9E1FC894-F587-4FBA-8599-2F8C544E061A}
	EndProjectSection
EndProject
Project("{8BC9CEB8-8B4A-11D0-8D11-00A0C91BC942}") = "vJoyInstall", "apps\vJoyInstall\vJoyInstall.vcxproj", "{E8EF423A-0C43-44E3-AF98-5400D82DA827}"
	ProjectSection(ProjectDependencies) = postProject
		{9E1FC894-F587-4FBA-8599-2F8C544E061A} = {9E1FC894-F587-4FBA-8599-2F8C544E061A}
	EndProjectSection
EndProject
Project("{8BC9CEB8-8B4A-11D0-8D11-00A0C91BC942}") = "vJoyInstall", "apps\vJoyInstall\CmdLine\vJoyInstall.vcxproj", "{9794FF85-60A8-4E93-8BD0-D99F7167E70A}"
	ProjectSection(ProjectDependencies) = postProject
		{E8EF423A-0C43-44E3-AF98-5400D82DA827} = {E8EF423A-0C43-44E3-AF98-5400D82DA827}
	EndProjectSection
EndProject
Project("{8BC9CEB8-8B4A-11D0-8D11-00A0C91BC942}") = "vJoy", "driver\sys\vJoy.vcxproj", "{B7F8EA5A-FD07-4922-ADD5-F547E84C9700}"
	ProjectSection(ProjectDependencies) = postProject
		{9EB6193B-FCC1-450F-9B1F-B64E8B380940} = {9EB6193B-FCC1-450F-9B1F-B64E8B380940}
	EndProjectSection
EndProject
Project("{8BC9CEB8-8B4A-11D0-8D11-00A0C91BC942}") = "Package", "driver\Package\Package.vcxproj", "{FB41EA7E-6536-4297-B9FD-1ECB3407B92E}"
EndProject
Project("{2150E333-8FDC-42A3-9474-1A3956D46DE8}") = "Lib", "Lib", "{5D4292C1-55C7-4095-9393-298A4F18DC77}"
EndProject
Project("{8BC9CEB8-8B4A-11D0-8D11-00A0C91BC942}") = "hidkmdf", "driver\hidmapper\hidkmdf.vcxproj", "{7A0BD5DC-5ACA-4AB9-B395-C16E078C11E9}"
EndProject
Project("{8BC9CEB8-8B4A-11D0-8D11-00A0C91BC942}") = "CreateVersion", "CreateVersion\CreateVersion.vcxproj", "{9EB6193B-FCC1-450F-9B1F-B64E8B380940}"
EndProject
Project("{2150E333-8FDC-42A3-9474-1A3956D46DE8}") = "CreateVersion", "CreateVersion", "{946BFD6D-D144-4177-8721-5C3D2F721813}"
EndProject
Project("{8BC9CEB8-8B4A-11D0-8D11-00A0C91BC942}") = "vGenInterface", "apps\vGenInterface\vGenInterface.vcxproj", "{B9272D99-836B-4201-A168-4AD780550D1E}"
	ProjectSection(ProjectDependencies) = postProject
		{F7AB57BB-BA05-44F7-BD41-C39290DFE829} = {F7AB57BB-BA05-44F7-BD41-C39290DFE829}
	EndProjectSection
EndProject
Project("{8BC9CEB8-8B4A-11D0-8D11-00A0C91BC942}") = "vJoyInterface", "apps\common\vJoyInterface\vJoyInterface2012.vcxproj", "{9E1FC894-F587-4FBA-8599-2F8C544E061A}"
EndProject
Project("{8BC9CEB8-8B4A-11D0-8D11-00A0C91BC942}") = "vJoyInterfaceStat", "apps\common\vJoyInterfaceStat\vJoyInterfaceStat2012.vcxproj", "{F7AB57BB-BA05-44F7-BD41-C39290DFE829}"
EndProject
Project("{2150E333-8FDC-42A3-9474-1A3956D46DE8}") = "vGenInterface", "vGenInterface", "{7A79C6D2-E447-478D-84C8-307A91F6E533}"
EndProject
Project("{8BC9CEB8-8B4A-11D0-8D11-00A0C91BC942}") = "vGenTest", "apps\vGenInterface\vGenTest\vGenTest.vcxproj", "{DC028017-F92D-4A70-ABA1-0208737AA5A5}"
	ProjectSection(ProjectDependencies) = postProject
		{B9272D99-836B-4201-A168-4AD780550D1E} = {B9272D99-836B-4201-A168-4AD780550D1E}
		{F7AB57BB-BA05-44F7-BD41-C39290DFE829} = {F7AB57BB-BA05-44F7-BD41-C39290DFE829}
	EndProjectSection
EndProject
Project("{8BC9CEB8-8B4A-11D0-8D11-00A0C91BC942}") = "vXboxTest", "apps\vGenInterface\vGenTest\vXboxTest\vXboxTest.vcxproj", "{49FC443C-19D8-49B0-BC7D-09D234988086}"
	ProjectSection(ProjectDependencies) = postProject
		{B9272D99-836B-4201-A168-4AD780550D1E} = {B9272D99-836B-4201-A168-4AD780550D1E}
	EndProjectSection
EndProject
Global
	GlobalSection(SolutionConfigurationPlatforms) = preSolution
		Debug|Any CPU = Debug|Any CPU
		Debug|Win32 = Debug|Win32
		Debug|x64 = Debug|x64
		Release|Any CPU = Release|Any CPU
		Release|Win32 = Release|Win32
		Release|x64 = Release|x64
	EndGlobalSection
	GlobalSection(ProjectConfigurationPlatforms) = postSolution
		{F47958E4-9FF0-4E14-910A-1BA0A0F6D863}.Debug|Any CPU.ActiveCfg = Debug|Win32
		{F47958E4-9FF0-4E14-910A-1BA0A0F6D863}.Debug|Win32.ActiveCfg = Debug|Win32
		{F47958E4-9FF0-4E14-910A-1BA0A0F6D863}.Debug|Win32.Build.0 = Debug|Win32
		{F47958E4-9FF0-4E14-910A-1BA0A0F6D863}.Debug|x64.ActiveCfg = Debug|x64
		{F47958E4-9FF0-4E14-910A-1BA0A0F6D863}.Debug|x64.Build.0 = Debug|x64
		{F47958E4-9FF0-4E14-910A-1BA0A0F6D863}.Release|Any CPU.ActiveCfg = Release|Win32
		{F47958E4-9FF0-4E14-910A-1BA0A0F6D863}.Release|Win32.ActiveCfg = Release|Win32
		{F47958E4-9FF0-4E14-910A-1BA0A0F6D863}.Release|Win32.Build.0 = Release|Win32
		{F47958E4-9FF0-4E14-910A-1BA0A0F6D863}.Release|x64.ActiveCfg = Release|x64
		{F47958E4-9FF0-4E14-910A-1BA0A0F6D863}.Release|x64.Build.0 = Release|x64
		{0B6F020D-754E-4B0D-9575-BAA03E0FBABD}.Debug|Any CPU.ActiveCfg = Debug|Win32
		{0B6F020D-754E-4B0D-9575-BAA03E0FBABD}.Debug|Win32.ActiveCfg = Debug|Win32
		{0B6F020D-754E-4B0D-9575-BAA03E0FBABD}.Debug|Win32.Build.0 = Debug|Win32
		{0B6F020D-754E-4B0D-9575-BAA03E0FBABD}.Debug|x64.ActiveCfg = Debug|x64
		{0B6F020D-754E-4B0D-9575-BAA03E0FBABD}.Debug|x64.Build.0 = Debug|x64
		{0B6F020D-754E-4B0D-9575-BAA03E0FBABD}.Release|Any CPU.ActiveCfg = Release|Win32
		{0B6F020D-754E-4B0D-9575-BAA03E0FBABD}.Release|Win32.ActiveCfg = Release|Win32
		{0B6F020D-754E-4B0D-9575-BAA03E0FBABD}.Release|Win32.Build.0 = Release|Win32
		{0B6F020D-754E-4B0D-9575-BAA03E0FBABD}.Release|x64.ActiveCfg = Release|x64
		{0B6F020D-754E-4B0D-9575-BAA03E0FBABD}.Release|x64.Build.0 = Release|x64
		{DB7872FF-B0E0-46F6-A070-F059BBBAC659}.Debug|Any CPU.ActiveCfg = Debug|Win32
		{DB7872FF-B0E0-46F6-A070-F059BBBAC659}.Debug|Win32.ActiveCfg = Debug|Win32
		{DB7872FF-B0E0-46F6-A070-F059BBBAC659}.Debug|Win32.Build.0 = Debug|Win32
		{DB7872FF-B0E0-46F6-A070-F059BBBAC659}.Debug|x64.ActiveCfg = Debug|x64
		{DB7872FF-B0E0-46F6-A070-F059BBBAC659}.Debug|x64.Build.0 = Debug|x64
		{DB7872FF-B0E0-46F6-A070-F059BBBAC659}.Release|Any CPU.ActiveCfg = Release|Win32
		{DB7872FF-B0E0-46F6-A070-F059BBBAC659}.Release|Win32.ActiveCfg = Release|Win32
		{DB7872FF-B0E0-46F6-A070-F059BBBAC659}.Release|Win32.Build.0 = Release|Win32
		{DB7872FF-B0E0-46F6-A070-F059BBBAC659}.Release|x64.ActiveCfg = Release|x64
		{DB7872FF-B0E0-46F6-A070-F059BBBAC659}.Release|x64.Build.0 = Release|x64
		{FF5AAE17-BA16-46B5-8C7B-AC860878D008}.Debug|Any CPU.ActiveCfg = Debug|Any CPU
		{FF5AAE17-BA16-46B5-8C7B-AC860878D008}.Debug|Any CPU.Build.0 = Debug|Any CPU
		{FF5AAE17-BA16-46B5-8C7B-AC860878D008}.Debug|Win32.ActiveCfg = Debug|x86
		{FF5AAE17-BA16-46B5-8C7B-AC860878D008}.Debug|Win32.Build.0 = Debug|x86
		{FF5AAE17-BA16-46B5-8C7B-AC860878D008}.Debug|x64.ActiveCfg = Debug|x64
		{FF5AAE17-BA16-46B5-8C7B-AC860878D008}.Debug|x64.Build.0 = Debug|x64
		{FF5AAE17-BA16-46B5-8C7B-AC860878D008}.Release|Any CPU.ActiveCfg = Release|Any CPU
		{FF5AAE17-BA16-46B5-8C7B-AC860878D008}.Release|Any CPU.Build.0 = Release|Any CPU
		{FF5AAE17-BA16-46B5-8C7B-AC860878D008}.Release|Win32.ActiveCfg = Release|x86
		{FF5AAE17-BA16-46B5-8C7B-AC860878D008}.Release|Win32.Build.0 = Release|x86
		{FF5AAE17-BA16-46B5-8C7B-AC860878D008}.Release|x64.ActiveCfg = Release|x64
		{FF5AAE17-BA16-46B5-8C7B-AC860878D008}.Release|x64.Build.0 = Release|x64
		{23F03B03-B65E-47EF-A61C-FB4631FBA71C}.Debug|Any CPU.ActiveCfg = Debug|Any CPU
		{23F03B03-B65E-47EF-A61C-FB4631FBA71C}.Debug|Any CPU.Build.0 = Debug|Any CPU
		{23F03B03-B65E-47EF-A61C-FB4631FBA71C}.Debug|Win32.ActiveCfg = Debug|x86
		{23F03B03-B65E-47EF-A61C-FB4631FBA71C}.Debug|Win32.Build.0 = Debug|x86
		{23F03B03-B65E-47EF-A61C-FB4631FBA71C}.Debug|x64.ActiveCfg = Debug|x64
		{23F03B03-B65E-47EF-A61C-FB4631FBA71C}.Debug|x64.Build.0 = Debug|x64
		{23F03B03-B65E-47EF-A61C-FB4631FBA71C}.Release|Any CPU.ActiveCfg = Release|Any CPU
		{23F03B03-B65E-47EF-A61C-FB4631FBA71C}.Release|Any CPU.Build.0 = Release|Any CPU
		{23F03B03-B65E-47EF-A61C-FB4631FBA71C}.Release|Win32.ActiveCfg = Release|x86
		{23F03B03-B65E-47EF-A61C-FB4631FBA71C}.Release|Win32.Build.0 = Release|x86
		{23F03B03-B65E-47EF-A61C-FB4631FBA71C}.Release|x64.ActiveCfg = Release|x64
		{23F03B03-B65E-47EF-A61C-FB4631FBA71C}.Release|x64.Build.0 = Release|x64
		{DF01DF55-7429-484F-BB05-3717830A2F22}.Debug|Any CPU.ActiveCfg = Debug|Win32
		{DF01DF55-7429-484F-BB05-3717830A2F22}.Debug|Win32.ActiveCfg = Debug|Win32
		{DF01DF55-7429-484F-BB05-3717830A2F22}.Debug|Win32.Build.0 = Debug|Win32
		{DF01DF55-7429-484F-BB05-3717830A2F22}.Debug|x64.ActiveCfg = Debug|x64
		{DF01DF55-7429-484F-BB05-3717830A2F22}.Debug|x64.Build.0 = Debug|x64
		{DF01DF55-7429-484F-BB05-3717830A2F22}.Release|Any CPU.ActiveCfg = Release|Win32
		{DF01DF55-7429-484F-BB05-3717830A2F22}.Release|Win32.ActiveCfg = Release|Win32
		{DF01DF55-7429-484F-BB05-3717830A2F22}.Release|Win32.Build.0 = Release|Win32
		{DF01DF55-7429-484F-BB05-3717830A2F22}.Release|x64.ActiveCfg = Release|x64
		{DF01DF55-7429-484F-BB05-3717830A2F22}.Release|x64.Build.0 = Release|x64
		{E8EF423A-0C43-44E3-AF98-5400D82DA827}.Debug|Any CPU.ActiveCfg = Debug|Win32
		{E8EF423A-0C43-44E3-AF98-5400D82DA827}.Debug|Win32.ActiveCfg = Debug|Win32
		{E8EF423A-0C43-44E3-AF98-5400D82DA827}.Debug|Win32.Build.0 = Debug|Win32
		{E8EF423A-0C43-44E3-AF98-5400D82DA827}.Debug|Win32.Deploy.0 = Debug|Win32
		{E8EF423A-0C43-44E3-AF98-5400D82DA827}.Debug|x64.ActiveCfg = Debug|x64
		{E8EF423A-0C43-44E3-AF98-5400D82DA827}.Debug|x64.Build.0 = Debug|x64
		{E8EF423A-0C43-44E3-AF98-5400D82DA827}.Release|Any CPU.ActiveCfg = Release|Win32
		{E8EF423A-0C43-44E3-AF98-5400D82DA827}.Release|Win32.ActiveCfg = Release|Win32
		{E8EF423A-0C43-44E3-AF98-5400D82DA827}.Release|Win32.Build.0 = Release|Win32
		{E8EF423A-0C43-44E3-AF98-5400D82DA827}.Release|Win32.Deploy.0 = Release|Win32
		{E8EF423A-0C43-44E3-AF98-5400D82DA827}.Release|x64.ActiveCfg = Release|x64
		{E8EF423A-0C43-44E3-AF98-5400D82DA827}.Release|x64.Build.0 = Release|x64
		{9794FF85-60A8-4E93-8BD0-D99F7167E70A}.Debug|Any CPU.ActiveCfg = Debug|Win32
		{9794FF85-60A8-4E93-8BD0-D99F7167E70A}.Debug|Win32.ActiveCfg = Debug|Win32
		{9794FF85-60A8-4E93-8BD0-D99F7167E70A}.Debug|Win32.Build.0 = Debug|Win32
		{9794FF85-60A8-4E93-8BD0-D99F7167E70A}.Debug|Win32.Deploy.0 = Debug|Win32
		{9794FF85-60A8-4E93-8BD0-D99F7167E70A}.Debug|x64.ActiveCfg = Debug|x64
		{9794FF85-60A8-4E93-8BD0-D99F7167E70A}.Debug|x64.Build.0 = Debug|x64
		{9794FF85-60A8-4E93-8BD0-D99F7167E70A}.Debug|x64.Deploy.0 = Debug|x64
		{9794FF85-60A8-4E93-8BD0-D99F7167E70A}.Release|Any CPU.ActiveCfg = Release|Win32
		{9794FF85-60A8-4E93-8BD0-D99F7167E70A}.Release|Win32.ActiveCfg = Release|Win32
		{9794FF85-60A8-4E93-8BD0-D99F7167E70A}.Release|Win32.Build.0 = Release|Win32
		{9794FF85-60A8-4E93-8BD0-D99F7167E70A}.Release|Win32.Deploy.0 = Release|Win32
		{9794FF85-60A8-4E93-8BD0-D99F7167E70A}.Release|x64.ActiveCfg = Release|x64
		{9794FF85-60A8-4E93-8BD0-D99F7167E70A}.Release|x64.Build.0 = Release|x64
		{9794FF85-60A8-4E93-8BD0-D99F7167E70A}.Release|x64.Deploy.0 = Release|x64
		{B7F8EA5A-FD07-4922-ADD5-F547E84C9700}.Debug|Any CPU.ActiveCfg = Debug|Win32
		{B7F8EA5A-FD07-4922-ADD5-F547E84C9700}.Debug|Win32.ActiveCfg = Debug|Win32
		{B7F8EA5A-FD07-4922-ADD5-F547E84C9700}.Debug|Win32.Build.0 = Debug|Win32
		{B7F8EA5A-FD07-4922-ADD5-F547E84C9700}.Debug|x64.ActiveCfg = Debug|x64
		{B7F8EA5A-FD07-4922-ADD5-F547E84C9700}.Debug|x64.Build.0 = Debug|x64
		{B7F8EA5A-FD07-4922-ADD5-F547E84C9700}.Release|Any CPU.ActiveCfg = Release|Win32
		{B7F8EA5A-FD07-4922-ADD5-F547E84C9700}.Release|Win32.ActiveCfg = Release|Win32
		{B7F8EA5A-FD07-4922-ADD5-F547E84C9700}.Release|Win32.Build.0 = Release|Win32
		{B7F8EA5A-FD07-4922-ADD5-F547E84C9700}.Release|x64.ActiveCfg = Release|x64
		{B7F8EA5A-FD07-4922-ADD5-F547E84C9700}.Release|x64.Build.0 = Release|x64
		{FB41EA7E-6536-4297-B9FD-1ECB3407B92E}.Debug|Any CPU.ActiveCfg = Debug|Win32
		{FB41EA7E-6536-4297-B9FD-1ECB3407B92E}.Debug|Win32.ActiveCfg = Debug|Win32
		{FB41EA7E-6536-4297-B9FD-1ECB3407B92E}.Debug|Win32.Build.0 = Debug|Win32
		{FB41EA7E-6536-4297-B9FD-1ECB3407B92E}.Debug|x64.ActiveCfg = Debug|x64
		{FB41EA7E-6536-4297-B9FD-1ECB3407B92E}.Debug|x64.Build.0 = Debug|x64
		{FB41EA7E-6536-4297-B9FD-1ECB3407B92E}.Release|Any CPU.ActiveCfg = Release|Win32
		{FB41EA7E-6536-4297-B9FD-1ECB3407B92E}.Release|Win32.ActiveCfg = Release|Win32
		{FB41EA7E-6536-4297-B9FD-1ECB3407B92E}.Release|Win32.Build.0 = Release|Win32
		{FB41EA7E-6536-4297-B9FD-1ECB3407B92E}.Release|x64.ActiveCfg = Release|x64
		{FB41EA7E-6536-4297-B9FD-1ECB3407B92E}.Release|x64.Build.0 = Release|x64
		{7A0BD5DC-5ACA-4AB9-B395-C16E078C11E9}.Debug|Any CPU.ActiveCfg = Debug|Win32
		{7A0BD5DC-5ACA-4AB9-B395-C16E078C11E9}.Debug|Win32.ActiveCfg = Debug|Win32
		{7A0BD5DC-5ACA-4AB9-B395-C16E078C11E9}.Debug|Win32.Build.0 = Debug|Win32
		{7A0BD5DC-5ACA-4AB9-B395-C16E078C11E9}.Debug|x64.ActiveCfg = Debug|x64
		{7A0BD5DC-5ACA-4AB9-B395-C16E078C11E9}.Debug|x64.Build.0 = Debug|x64
		{7A0BD5DC-5ACA-4AB9-B395-C16E078C11E9}.Release|Any CPU.ActiveCfg = Release|Win32
		{7A0BD5DC-5ACA-4AB9-B395-C16E078C11E9}.Release|Win32.ActiveCfg = Release|Win32
		{7A0BD5DC-5ACA-4AB9-B395-C16E078C11E9}.Release|Win32.Build.0 = Release|Win32
		{7A0BD5DC-5ACA-4AB9-B395-C16E078C11E9}.Release|x64.ActiveCfg = Release|x64
		{7A0BD5DC-5ACA-4AB9-B395-C16E078C11E9}.Release|x64.Build.0 = Release|x64
		{9EB6193B-FCC1-450F-9B1F-B64E8B380940}.Debug|Any CPU.ActiveCfg = Debug|Win32
		{9EB6193B-FCC1-450F-9B1F-B64E8B380940}.Debug|Win32.ActiveCfg = Debug|Win32
		{9EB6193B-FCC1-450F-9B1F-B64E8B380940}.Debug|Win32.Build.0 = Debug|Win32
		{9EB6193B-FCC1-450F-9B1F-B64E8B380940}.Debug|x64.ActiveCfg = Debug|x64
		{9EB6193B-FCC1-450F-9B1F-B64E8B380940}.Debug|x64.Build.0 = Debug|x64
		{9EB6193B-FCC1-450F-9B1F-B64E8B380940}.Release|Any CPU.ActiveCfg = Release|Win32
		{9EB6193B-FCC1-450F-9B1F-B64E8B380940}.Release|Win32.ActiveCfg = Release|Win32
		{9EB6193B-FCC1-450F-9B1F-B64E8B380940}.Release|Win32.Build.0 = Release|Win32
		{9EB6193B-FCC1-450F-9B1F-B64E8B380940}.Release|x64.ActiveCfg = Release|x64
		{9EB6193B-FCC1-450F-9B1F-B64E8B380940}.Release|x64.Build.0 = Release|x64
		{B9272D99-836B-4201-A168-4AD780550D1E}.Debug|Any CPU.ActiveCfg = Debug|Win32
		{B9272D99-836B-4201-A168-4AD780550D1E}.Debug|Win32.ActiveCfg = Debug|Win32
		{B9272D99-836B-4201-A168-4AD780550D1E}.Debug|Win32.Build.0 = Debug|Win32
		{B9272D99-836B-4201-A168-4AD780550D1E}.Debug|x64.ActiveCfg = Debug|x64
		{B9272D99-836B-4201-A168-4AD780550D1E}.Debug|x64.Build.0 = Debug|x64
		{B9272D99-836B-4201-A168-4AD780550D1E}.Release|Any CPU.ActiveCfg = Release|Win32
		{B9272D99-836B-4201-A168-4AD780550D1E}.Release|Win32.ActiveCfg = Release|Win32
		{B9272D99-836B-4201-A168-4AD780550D1E}.Release|Win32.Build.0 = Release|Win32
		{B9272D99-836B-4201-A168-4AD780550D1E}.Release|x64.ActiveCfg = Release|x64
		{B9272D99-836B-4201-A168-4AD780550D1E}.Release|x64.Build.0 = Release|x64
		{9E1FC894-F587-4FBA-8599-2F8C544E061A}.Debug|Any CPU.ActiveCfg = Debug|Win32
		{9E1FC894-F587-4FBA-8599-2F8C544E061A}.Debug|Win32.ActiveCfg = Debug|Win32
		{9E1FC894-F587-4FBA-8599-2F8C544E061A}.Debug|Win32.Build.0 = Debug|Win32
		{9E1FC894-F587-4FBA-8599-2F8C544E061A}.Debug|x64.ActiveCfg = Debug|x64
		{9E1FC894-F587-4FBA-8599-2F8C544E061A}.Debug|x64.Build.0 = Debug|x64
		{9E1FC894-F587-4FBA-8599-2F8C544E061A}.Release|Any CPU.ActiveCfg = Release|Win32
		{9E1FC894-F587-4FBA-8599-2F8C544E061A}.Release|Win32.ActiveCfg = Release|Win32
		{9E1FC894-F587-4FBA-8599-2F8C544E061A}.Release|Win32.Build.0 = Release|Win32
		{9E1FC894-F587-4FBA-8599-2F8C544E061A}.Release|x64.ActiveCfg = Release|x64
		{9E1FC894-F587-4FBA-8599-2F8C544E061A}.Release|x64.Build.0 = Release|x64
		{F7AB57BB-BA05-44F7-BD41-C39290DFE829}.Debug|Any CPU.ActiveCfg = Debug|Win32
		{F7AB57BB-BA05-44F7-BD41-C39290DFE829}.Debug|Win32.ActiveCfg = Debug|Win32
		{F7AB57BB-BA05-44F7-BD41-C39290DFE829}.Debug|Win32.Build.0 = Debug|Win32
		{F7AB57BB-BA05-44F7-BD41-C39290DFE829}.Debug|x64.ActiveCfg = Debug|x64
		{F7AB57BB-BA05-44F7-BD41-C39290DFE829}.Debug|x64.Build.0 = Debug|x64
		{F7AB57BB-BA05-44F7-BD41-C39290DFE829}.Release|Any CPU.ActiveCfg = Release|Win32
		{F7AB57BB-BA05-44F7-BD41-C39290DFE829}.Release|Win32.ActiveCfg = Release|Win32
		{F7AB57BB-BA05-44F7-BD41-C39290DFE829}.Release|Win32.Build.0 = Release|Win32
		{F7AB57BB-BA05-44F7-BD41-C39290DFE829}.Release|x64.ActiveCfg = Release|x64
		{F7AB57BB-BA05-44F7-BD41-C39290DFE829}.Release|x64.Build.0 = Release|x64
		{DC028017-F92D-4A70-ABA1-0208737AA5A5}.Debug|Any CPU.ActiveCfg = Debug|Win32
		{DC028017-F92D-4A70-ABA1-0208737AA5A5}.Debug|Win32.ActiveCfg = Debug|Win32
		{DC028017-F92D-4A70-ABA1-0208737AA5A5}.Debug|Win32.Build.0 = Debug|Win32
		{DC028017-F92D-4A70-ABA1-0208737AA5A5}.Debug|x64.ActiveCfg = Debug|x64
		{DC028017-F92D-4A70-ABA1-0208737AA5A5}.Debug|x64.Build.0 = Debug|x64
		{DC028017-F92D-4A70-ABA1-0208737AA5A5}.Release|Any CPU.ActiveCfg = Release|Win32
		{DC028017-F92D-4A70-ABA1-0208737AA5A5}.Release|Win32.ActiveCfg = Release|Win32
		{DC028017-F92D-4A70-ABA1-0208737AA5A5}.Release|Win32.Build.0 = Release|Win32
		{DC028017-F92D-4A70-ABA1-0208737AA5A5}.Release|x64.ActiveCfg = Release|x64
		{DC028017-F92D-4A70-ABA1-0208737AA5A5}.Release|x64.Build.0 = Release|x64
		{49FC443C-19D8-49B0-BC7D-09D234988086}.Debug|Any CPU.ActiveCfg = Debug|Win32
		{49FC443C-19D8-49B0-BC7D-09D234988086}.Debug|Win32.ActiveCfg = Debug|Win32
		{49FC443C-19D8-49B0-BC7D-09D234988086}.Debug|Win32.Build.0 = Debug|Win32
		{49FC443C-19D8-49B0-BC7D-09D234988086}.Debug|x64.ActiveCfg = Debug|x64
		{49FC443C-19D8-49B0-BC7D-09D234988086}.Debug|x64.Build.0 = Debug|x64
		{49FC443C-19D8-49B0-BC7D-09D234988086}.Release|Any CPU.ActiveCfg = Release|Win32
		{49FC443C-19D8-49B0-BC7D-09D234988086}.Release|Win32.ActiveCfg = Release|Win32
		{49FC443C-19D8-49B0-BC7D-09D234988086}.Release|Win32.Build.0 = Release|Win32
		{49FC443C-19D8-49B0-BC7D-09D234988086}.Release|x64.ActiveCfg = Release|x64
		{49FC443C-19D8-49B0-BC7D-09D234988086}.Release|x64.Build.0 = Release|x64
	EndGlobalSection
	GlobalSection(SolutionProperties) = preSolution
		HideSolutionNode = FALSE
	EndGlobalSection
	GlobalSection(NestedProjects) = preSolution
		{6FD535C1-9D8A-4AD2-835E-FA6BF948B424} = {668338B4-E510-42C4-B7B1-E98608F8C0B0}
		{BACB45A8-0AC0-4B4A-9137-48C6494F2446} = {668338B4-E510-42C4-B7B1-E98608F8C0B0}
		{0A24890D-76D1-4044-8885-15DC357AAA70} = {668338B4-E510-42C4-B7B1-E98608F8C0B0}
		{A0E111DD-0F0C-4DA5-936A-34FF37C3EFDE} = {39749E0E-8EC8-492F-8702-59A408F0CA5C}
		{39749E0E-8EC8-492F-8702-59A408F0CA5C} = {668338B4-E510-42C4-B7B1-E98608F8C0B0}
		{EE25C6D2-2397-4337-93DE-1A0CCA0C1FEE} = {4F56177A-5705-42C4-8453-A28871834EA9}
		{4F56177A-5705-42C4-8453-A28871834EA9} = {668338B4-E510-42C4-B7B1-E98608F8C0B0}
		{15626DC7-E2CA-4CC1-B6F7-A069A014BF64} = {4F56177A-5705-42C4-8453-A28871834EA9}
		{061C42F1-C6BD-4706-B0B6-40B8C8E3554F} = {40321228-D560-42FF-BE00-4862AC4296A6}
		{F47958E4-9FF0-4E14-910A-1BA0A0F6D863} = {6FD535C1-9D8A-4AD2-835E-FA6BF948B424}
		{0B6F020D-754E-4B0D-9575-BAA03E0FBABD} = {BACB45A8-0AC0-4B4A-9137-48C6494F2446}
		{DB7872FF-B0E0-46F6-A070-F059BBBAC659} = {0A24890D-76D1-4044-8885-15DC357AAA70}
		{FF5AAE17-BA16-46B5-8C7B-AC860878D008} = {EE25C6D2-2397-4337-93DE-1A0CCA0C1FEE}
		{23F03B03-B65E-47EF-A61C-FB4631FBA71C} = {EE25C6D2-2397-4337-93DE-1A0CCA0C1FEE}
		{DF01DF55-7429-484F-BB05-3717830A2F22} = {0A24890D-76D1-4044-8885-15DC357AAA70}
		{E8EF423A-0C43-44E3-AF98-5400D82DA827} = {5D4292C1-55C7-4095-9393-298A4F18DC77}
		{9794FF85-60A8-4E93-8BD0-D99F7167E70A} = {A0E111DD-0F0C-4DA5-936A-34FF37C3EFDE}
		{B7F8EA5A-FD07-4922-ADD5-F547E84C9700} = {061C42F1-C6BD-4706-B0B6-40B8C8E3554F}
		{FB41EA7E-6536-4297-B9FD-1ECB3407B92E} = {40321228-D560-42FF-BE00-4862AC4296A6}
		{5D4292C1-55C7-4095-9393-298A4F18DC77} = {39749E0E-8EC8-492F-8702-59A408F0CA5C}
		{7A0BD5DC-5ACA-4AB9-B395-C16E078C11E9} = {40321228-D560-42FF-BE00-4862AC4296A6}
		{9EB6193B-FCC1-450F-9B1F-B64E8B380940} = {946BFD6D-D144-4177-8721-5C3D2F721813}
		{946BFD6D-D144-4177-8721-5C3D2F721813} = {4F56177A-5705-42C4-8453-A28871834EA9}
		{B9272D99-836B-4201-A168-4AD780550D1E} = {7A79C6D2-E447-478D-84C8-307A91F6E533}
		{9E1FC894-F587-4FBA-8599-2F8C544E061A} = {15626DC7-E2CA-4CC1-B6F7-A069A014BF64}
		{F7AB57BB-BA05-44F7-BD41-C39290DFE829} = {15626DC7-E2CA-4CC1-B6F7-A069A014BF64}
		{7A79C6D2-E447-478D-84C8-307A91F6E533} = {668338B4-E510-42C4-B7B1-E98608F8C0B0}
		{DC028017-F92D-4A70-ABA1-0208737AA5A5} = {7A79C6D2-E447-478D-84C8-307A91F6E533}
		{49FC443C-19D8-49B0-BC7D-09D234988086} = {7A79C6D2-E447-478D-84C8-307A91F6E533}
	EndGlobalSection
EndGlobal
