
Microsoft Visual Studio Solution File, Format Version 12.00
# Visual Studio Version 17
VisualStudioVersion = 17.7.34009.444
MinimumVisualStudioVersion = 12.0
Project("{2150E333-8FDC-42A3-9474-1A3956D46DE8}") = "Apps", "Apps", "{668338B4-E510-42C4-B7B1-E98608F8C0B0}"
	ProjectSection(SolutionItems) = preProject
		BuildAll.bat = BuildAll.bat
		CreateSdk.bat = CreateSdk.bat
		README.md = README.md
	EndProjectSection
EndProject
Project("{2150E333-8FDC-42A3-9474-1A3956D46DE8}") = "Sys", "Sys", "{061C42F1-C6BD-4706-B0B6-40B8C8E3554F}"
EndProject
Project("{2150E333-8FDC-42A3-9474-1A3956D46DE8}") = "Driver", "Driver", "{40321228-D560-42FF-BE00-4862AC4296A6}"
EndProject
Project("{8BC9CEB8-8B4A-11D0-8D11-00A0C91BC942}") = "vJoy", "driver\sys\vJoy.vcxproj", "{B7F8EA5A-FD07-4922-ADD5-F547E84C9700}"
	ProjectSection(ProjectDependencies) = postProject
		{9EB6193B-FCC1-450F-9B1F-B64E8B380940} = {9EB6193B-FCC1-450F-9B1F-B64E8B380940}
	EndProjectSection
EndProject
Project("{8BC9CEB8-8B4A-11D0-8D11-00A0C91BC942}") = "Package", "driver\Package\Package.vcxproj", "{FB41EA7E-6536-4297-B9FD-1ECB3407B92E}"
EndProject
Project("{8BC9CEB8-8B4A-11D0-8D11-00A0C91BC942}") = "hidkmdf", "driver\hidmapper\hidkmdf.vcxproj", "{7A0BD5DC-5ACA-4AB9-B395-C16E078C11E9}"
EndProject
Project("{8BC9CEB8-8B4A-11D0-8D11-00A0C91BC942}") = "CreateVersion", "CreateVersion\CreateVersion.vcxproj", "{9EB6193B-FCC1-450F-9B1F-B64E8B380940}"
EndProject
Project("{2150E333-8FDC-42A3-9474-1A3956D46DE8}") = "CreateVersion", "CreateVersion", "{946BFD6D-D144-4177-8721-5C3D2F721813}"
EndProject
Global
	GlobalSection(SolutionConfigurationPlatforms) = preSolution
		Debug|x64 = Debug|x64
		Release|x64 = Release|x64
	EndGlobalSection
	GlobalSection(ProjectConfigurationPlatforms) = postSolution
		{B7F8EA5A-FD07-4922-ADD5-F547E84C9700}.Debug|x64.ActiveCfg = Debug|x64
		{B7F8EA5A-FD07-4922-ADD5-F547E84C9700}.Debug|x64.Build.0 = Debug|x64
		{B7F8EA5A-FD07-4922-ADD5-F547E84C9700}.Release|x64.ActiveCfg = Release|x64
		{B7F8EA5A-FD07-4922-ADD5-F547E84C9700}.Release|x64.Build.0 = Release|x64
		{FB41EA7E-6536-4297-B9FD-1ECB3407B92E}.Debug|x64.ActiveCfg = Debug|x64
		{FB41EA7E-6536-4297-B9FD-1ECB3407B92E}.Debug|x64.Build.0 = Debug|x64
		{FB41EA7E-6536-4297-B9FD-1ECB3407B92E}.Release|x64.ActiveCfg = Release|x64
		{FB41EA7E-6536-4297-B9FD-1ECB3407B92E}.Release|x64.Build.0 = Release|x64
		{7A0BD5DC-5ACA-4AB9-B395-C16E078C11E9}.Debug|x64.ActiveCfg = Debug|x64
		{7A0BD5DC-5ACA-4AB9-B395-C16E078C11E9}.Debug|x64.Build.0 = Debug|x64
		{7A0BD5DC-5ACA-4AB9-B395-C16E078C11E9}.Release|x64.ActiveCfg = Release|x64
		{7A0BD5DC-5ACA-4AB9-B395-C16E078C11E9}.Release|x64.Build.0 = Release|x64
		{9EB6193B-FCC1-450F-9B1F-B64E8B380940}.Debug|x64.ActiveCfg = Debug|x64
		{9EB6193B-FCC1-450F-9B1F-B64E8B380940}.Debug|x64.Build.0 = Debug|x64
		{9EB6193B-FCC1-450F-9B1F-B64E8B380940}.Release|x64.ActiveCfg = Release|x64
		{9EB6193B-FCC1-450F-9B1F-B64E8B380940}.Release|x64.Build.0 = Release|x64
	EndGlobalSection
	GlobalSection(SolutionProperties) = preSolution
		HideSolutionNode = FALSE
	EndGlobalSection
	GlobalSection(NestedProjects) = preSolution
		{061C42F1-C6BD-4706-B0B6-40B8C8E3554F} = {40321228-D560-42FF-BE00-4862AC4296A6}
		{B7F8EA5A-FD07-4922-ADD5-F547E84C9700} = {061C42F1-C6BD-4706-B0B6-40B8C8E3554F}
		{FB41EA7E-6536-4297-B9FD-1ECB3407B92E} = {40321228-D560-42FF-BE00-4862AC4296A6}
		{7A0BD5DC-5ACA-4AB9-B395-C16E078C11E9} = {40321228-D560-42FF-BE00-4862AC4296A6}
		{9EB6193B-FCC1-450F-9B1F-B64E8B380940} = {946BFD6D-D144-4177-8721-5C3D2F721813}
		{946BFD6D-D144-4177-8721-5C3D2F721813} = {668338B4-E510-42C4-B7B1-E98608F8C0B0}
	EndGlobalSection
	GlobalSection(ExtensibilityGlobals) = postSolution
		SolutionGuid = {E4EF4995-0225-426C-B9E1-DF3C8E3323C5}
	EndGlobalSection
EndGlobal
