<?xml version="1.0" encoding="utf-8"?>
<Project ToolsVersion="4.0" xmlns="http://schemas.microsoft.com/developer/msbuild/2003">
  <ItemGroup>
    <Filter Include="Source Files">
      <UniqueIdentifier>{4FC737F1-C7A5-4376-A066-2A32D752A2FF}</UniqueIdentifier>
      <Extensions>cpp;c;cc;cxx;def;odl;idl;hpj;bat;asm;asmx</Extensions>
    </Filter>
    <Filter Include="Header Files">
      <UniqueIdentifier>{93995380-89BD-4b04-88EB-625FBE52EBFB}</UniqueIdentifier>
      <Extensions>h;hh;hpp;hxx;hm;inl;inc;xsd</Extensions>
    </Filter>
    <Filter Include="Resource Files">
      <UniqueIdentifier>{67DA6AB6-F800-4c08-8B7A-83BB121AAD01}</UniqueIdentifier>
      <Extensions>rc;ico;cur;bmp;dlg;rc2;rct;bin;rgs;gif;jpg;jpeg;jpe;resx;tiff;tif;png;wav;mfcribbon-ms</Extensions>
    </Filter>
  </ItemGroup>
  <ItemGroup>
    <Image Include="TabIcon\1-Off.ico">
      <Filter>Resource Files</Filter>
    </Image>
    <Image Include="TabIcon\1-On.ico">
      <Filter>Resource Files</Filter>
    </Image>
    <Image Include="TabIcon\2-Off.ico">
      <Filter>Resource Files</Filter>
    </Image>
    <Image Include="TabIcon\2-On.ico">
      <Filter>Resource Files</Filter>
    </Image>
    <Image Include="TabIcon\3-Off.ico">
      <Filter>Resource Files</Filter>
    </Image>
    <Image Include="TabIcon\3-On.ico">
      <Filter>Resource Files</Filter>
    </Image>
    <Image Include="TabIcon\4-Off.ico">
      <Filter>Resource Files</Filter>
    </Image>
    <Image Include="TabIcon\4-On.ico">
      <Filter>Resource Files</Filter>
    </Image>
    <Image Include="TabIcon\5-Off.ico">
      <Filter>Resource Files</Filter>
    </Image>
    <Image Include="TabIcon\5-On.ico">
      <Filter>Resource Files</Filter>
    </Image>
    <Image Include="TabIcon\6-Off.ico">
      <Filter>Resource Files</Filter>
    </Image>
    <Image Include="TabIcon\6-On.ico">
      <Filter>Resource Files</Filter>
    </Image>
    <Image Include="TabIcon\7-Off.ico">
      <Filter>Resource Files</Filter>
    </Image>
    <Image Include="TabIcon\7-On.ico">
      <Filter>Resource Files</Filter>
    </Image>
    <Image Include="TabIcon\8-Off.ico">
      <Filter>Resource Files</Filter>
    </Image>
    <Image Include="TabIcon\8-On.ico">
      <Filter>Resource Files</Filter>
    </Image>
    <Image Include="TabIcon\9-Off.ico">
      <Filter>Resource Files</Filter>
    </Image>
    <Image Include="TabIcon\9-On.ico">
      <Filter>Resource Files</Filter>
    </Image>
    <Image Include="TabIcon\10-Off.ico">
      <Filter>Resource Files</Filter>
    </Image>
    <Image Include="TabIcon\10-On.ico">
      <Filter>Resource Files</Filter>
    </Image>
    <Image Include="TabIcon\11-Off.ico">
      <Filter>Resource Files</Filter>
    </Image>
    <Image Include="TabIcon\11-On.ico">
      <Filter>Resource Files</Filter>
    </Image>
    <Image Include="TabIcon\12-Off.ico">
      <Filter>Resource Files</Filter>
    </Image>
    <Image Include="TabIcon\12-On.ico">
      <Filter>Resource Files</Filter>
    </Image>
    <Image Include="TabIcon\13-Off.ico">
      <Filter>Resource Files</Filter>
    </Image>
    <Image Include="TabIcon\13-On.ico">
      <Filter>Resource Files</Filter>
    </Image>
    <Image Include="TabIcon\14-Off.ico">
      <Filter>Resource Files</Filter>
    </Image>
    <Image Include="TabIcon\14-On.ico">
      <Filter>Resource Files</Filter>
    </Image>
    <Image Include="TabIcon\15-Off.ico">
      <Filter>Resource Files</Filter>
    </Image>
    <Image Include="TabIcon\15-On.ico">
      <Filter>Resource Files</Filter>
    </Image>
    <Image Include="TabIcon\16-Del.ico">
      <Filter>Resource Files</Filter>
    </Image>
    <Image Include="TabIcon\16-Off.ico">
      <Filter>Resource Files</Filter>
    </Image>
    <Image Include="TabIcon\16-On.ico">
      <Filter>Resource Files</Filter>
    </Image>
    <Image Include="TabIcon\Frame.ico">
      <Filter>Resource Files</Filter>
    </Image>
    <Image Include="vJoyConf.ico">
      <Filter>Resource Files</Filter>
    </Image>
  </ItemGroup>
  <ItemGroup>
    <ClInclude Include="resource.h">
      <Filter>Header Files</Filter>
    </ClInclude>
    <ClInclude Include="stdafx.h">
      <Filter>Header Files</Filter>
    </ClInclude>
    <ClInclude Include="targetver.h">
      <Filter>Header Files</Filter>
    </ClInclude>
    <ClInclude Include="vJoyConf.h">
      <Filter>Header Files</Filter>
    </ClInclude>
    <ClInclude Include="vJoyDevice.h">
      <Filter>Header Files</Filter>
    </ClInclude>
  </ItemGroup>
  <ItemGroup>
    <ClCompile Include="stdafx.cpp">
      <Filter>Source Files</Filter>
    </ClCompile>
    <ClCompile Include="vJoyConf.cpp">
      <Filter>Source Files</Filter>
    </ClCompile>
    <ClCompile Include="vJoyDevice.cpp">
      <Filter>Source Files</Filter>
    </ClCompile>
  </ItemGroup>
  <ItemGroup>
    <ResourceCompile Include="version.rc">
      <Filter>Resource Files</Filter>
    </ResourceCompile>
    <ResourceCompile Include="vJoyConf.rc">
      <Filter>Resource Files</Filter>
    </ResourceCompile>
  </ItemGroup>
</Project>