
Microsoft Visual Studio Solution File, Format Version 12.00
# Visual Studio 2013
VisualStudioVersion = 12.0.31101.0
MinimumVisualStudioVersion = 10.0.40219.1
Project("{8BC9CEB8-8B4A-11D0-8D11-00A0C91BC942}") = "vJoyConf", "vJoyConf.vcxproj", "{947FCEFB-F14B-4E8D-A729-727630D84C00}"
EndProject
Project("{8BC9CEB8-8B4A-11D0-8D11-00A0C91BC942}") = "vJoyConfig", "vJoyConfig\vJoyConfig.vcxproj", "{DF01DF55-7429-484F-BB05-3717830A2F22}"
EndProject
Project("{2150E333-8FDC-42A3-9474-1A3956D46DE8}") = "Solution Items", "Solution Items", "{FB41B878-E4EF-4A6F-8039-5ADADA82AB99}"
	ProjectSection(SolutionItems) = preProject
		Performance1.psess = Performance1.psess
		Performance2.psess = Performance2.psess
		Performance3.psess = Performance3.psess
		Performance4.psess = Performance4.psess
	EndProjectSection
EndProject
Global
	GlobalSection(SolutionConfigurationPlatforms) = preSolution
		Debug|Win32 = Debug|Win32
		Debug|x64 = Debug|x64
		Release|Win32 = Release|Win32
		Release|x64 = Release|x64
	EndGlobalSection
	GlobalSection(ProjectConfigurationPlatforms) = postSolution
		{947FCEFB-F14B-4E8D-A729-727630D84C00}.Debug|Win32.ActiveCfg = Debug|Win32
		{947FCEFB-F14B-4E8D-A729-727630D84C00}.Debug|Win32.Build.0 = Debug|Win32
		{947FCEFB-F14B-4E8D-A729-727630D84C00}.Debug|x64.ActiveCfg = Debug|x64
		{947FCEFB-F14B-4E8D-A729-727630D84C00}.Debug|x64.Build.0 = Debug|x64
		{947FCEFB-F14B-4E8D-A729-727630D84C00}.Release|Win32.ActiveCfg = Release|Win32
		{947FCEFB-F14B-4E8D-A729-727630D84C00}.Release|Win32.Build.0 = Release|Win32
		{947FCEFB-F14B-4E8D-A729-727630D84C00}.Release|x64.ActiveCfg = Release|x64
		{947FCEFB-F14B-4E8D-A729-727630D84C00}.Release|x64.Build.0 = Release|x64
		{DF01DF55-7429-484F-BB05-3717830A2F22}.Debug|Win32.ActiveCfg = Debug|Win32
		{DF01DF55-7429-484F-BB05-3717830A2F22}.Debug|Win32.Build.0 = Debug|Win32
		{DF01DF55-7429-484F-BB05-3717830A2F22}.Debug|x64.ActiveCfg = Debug|x64
		{DF01DF55-7429-484F-BB05-3717830A2F22}.Debug|x64.Build.0 = Debug|x64
		{DF01DF55-7429-484F-BB05-3717830A2F22}.Release|Win32.ActiveCfg = Release|Win32
		{DF01DF55-7429-484F-BB05-3717830A2F22}.Release|Win32.Build.0 = Release|Win32
		{DF01DF55-7429-484F-BB05-3717830A2F22}.Release|x64.ActiveCfg = Release|x64
		{DF01DF55-7429-484F-BB05-3717830A2F22}.Release|x64.Build.0 = Release|x64
	EndGlobalSection
	GlobalSection(SolutionProperties) = preSolution
		HideSolutionNode = FALSE
	EndGlobalSection
	GlobalSection(Performance) = preSolution
		HasPerformanceSessions = true
	EndGlobalSection
EndGlobal
