<?xml version="1.0" encoding="utf-8"?>
<Project ToolsVersion="4.0" xmlns="http://schemas.microsoft.com/developer/msbuild/2003">
  <ItemGroup>
    <ClCompile Include="vJoyConf.cpp">
      <Filter>Source Files</Filter>
    </ClCompile>
    <ClCompile Include="vJoyDevice.cpp">
      <Filter>Source Files</Filter>
    </ClCompile>
    <ClCompile Include="stdafx.cpp">
      <Filter>Source Files</Filter>
    </ClCompile>
  </ItemGroup>
  <ItemGroup>
    <ClInclude Include="resource.h">
      <Filter>Header Files</Filter>
    </ClInclude>
    <ClInclude Include="stdafx.h">
      <Filter>Header Files</Filter>
    </ClInclude>
    <ClInclude Include="targetver.h">
      <Filter>Header Files</Filter>
    </ClInclude>
    <ClInclude Include="vJoyConf.h">
      <Filter>Header Files</Filter>
    </ClInclude>
    <ClInclude Include="vJoyDevice.h">
      <Filter>Header Files</Filter>
    </ClInclude>
  </ItemGroup>
  <ItemGroup>
    <ResourceCompile Include="version.rc">
      <Filter>Resource Files</Filter>
    </ResourceCompile>
    <ResourceCompile Include="vJoyConf.rc">
      <Filter>Resource Files</Filter>
    </ResourceCompile>
  </ItemGroup>
  <ItemGroup>
    <Image Include="TabIcon\1-Off.ico">
      <Filter>Icons</Filter>
    </Image>
    <Image Include="TabIcon\1-On.ico">
      <Filter>Icons</Filter>
    </Image>
    <Image Include="TabIcon\2-Off.ico">
      <Filter>Icons</Filter>
    </Image>
    <Image Include="TabIcon\2-On.ico">
      <Filter>Icons</Filter>
    </Image>
    <Image Include="TabIcon\3-Off.ico">
      <Filter>Icons</Filter>
    </Image>
    <Image Include="TabIcon\3-On.ico">
      <Filter>Icons</Filter>
    </Image>
    <Image Include="TabIcon\4-Off.ico">
      <Filter>Icons</Filter>
    </Image>
    <Image Include="TabIcon\4-On.ico">
      <Filter>Icons</Filter>
    </Image>
    <Image Include="TabIcon\5-Off.ico">
      <Filter>Icons</Filter>
    </Image>
    <Image Include="TabIcon\5-On.ico">
      <Filter>Icons</Filter>
    </Image>
    <Image Include="TabIcon\6-Off.ico">
      <Filter>Icons</Filter>
    </Image>
    <Image Include="TabIcon\6-On.ico">
      <Filter>Icons</Filter>
    </Image>
    <Image Include="TabIcon\7-Off.ico">
      <Filter>Icons</Filter>
    </Image>
    <Image Include="TabIcon\7-On.ico">
      <Filter>Icons</Filter>
    </Image>
    <Image Include="TabIcon\8-Off.ico">
      <Filter>Icons</Filter>
    </Image>
    <Image Include="TabIcon\8-On.ico">
      <Filter>Icons</Filter>
    </Image>
    <Image Include="TabIcon\9-Off.ico">
      <Filter>Icons</Filter>
    </Image>
    <Image Include="TabIcon\9-On.ico">
      <Filter>Icons</Filter>
    </Image>
    <Image Include="TabIcon\10-Off.ico">
      <Filter>Icons</Filter>
    </Image>
    <Image Include="TabIcon\10-On.ico">
      <Filter>Icons</Filter>
    </Image>
    <Image Include="TabIcon\11-Off.ico">
      <Filter>Icons</Filter>
    </Image>
    <Image Include="TabIcon\11-On.ico">
      <Filter>Icons</Filter>
    </Image>
    <Image Include="TabIcon\12-Off.ico">
      <Filter>Icons</Filter>
    </Image>
    <Image Include="TabIcon\12-On.ico">
      <Filter>Icons</Filter>
    </Image>
    <Image Include="TabIcon\13-Off.ico">
      <Filter>Icons</Filter>
    </Image>
    <Image Include="TabIcon\13-On.ico">
      <Filter>Icons</Filter>
    </Image>
    <Image Include="TabIcon\14-Off.ico">
      <Filter>Icons</Filter>
    </Image>
    <Image Include="TabIcon\14-On.ico">
      <Filter>Icons</Filter>
    </Image>
    <Image Include="TabIcon\15-Off.ico">
      <Filter>Icons</Filter>
    </Image>
    <Image Include="TabIcon\15-On.ico">
      <Filter>Icons</Filter>
    </Image>
    <Image Include="TabIcon\16-Del.ico">
      <Filter>Icons</Filter>
    </Image>
    <Image Include="TabIcon\16-Off.ico">
      <Filter>Icons</Filter>
    </Image>
    <Image Include="TabIcon\16-On.ico">
      <Filter>Icons</Filter>
    </Image>
    <Image Include="TabIcon\Frame.ico">
      <Filter>Icons</Filter>
    </Image>
    <Image Include="vJoyConf.ico">
      <Filter>Resource Files</Filter>
    </Image>
  </ItemGroup>
  <ItemGroup>
    <Filter Include="Icons">
      <UniqueIdentifier>{6bd00946-40d5-4db0-b3f7-e1245db61e0e}</UniqueIdentifier>
    </Filter>
    <Filter Include="Header Files">
      <UniqueIdentifier>{1d4d7089-e511-4bef-afd0-a9eaac9e10a5}</UniqueIdentifier>
    </Filter>
    <Filter Include="Resource Files">
      <UniqueIdentifier>{7e5b3b55-f8e4-4d8a-9acd-851d48f38c42}</UniqueIdentifier>
    </Filter>
    <Filter Include="Source Files">
      <UniqueIdentifier>{d59a2929-7f27-40bd-ad83-1390b85c401b}</UniqueIdentifier>
    </Filter>
  </ItemGroup>
</Project>