
Microsoft Visual Studio Solution File, Format Version 10.00
# Visual C# Express 2008
Project("{FAE04EC0-301F-11D3-BF4B-00C04F79EFBC}") = "FeederDemoCS", "FeederDemoCS.csproj", "{CCA62E05-B035-49F6-A3B4-ACD21CD562E4}"
EndProject
Global
	GlobalSection(SolutionConfigurationPlatforms) = preSolution
		Debug|Any CPU = Debug|Any CPU
		Release|Any CPU = Release|Any CPU
	EndGlobalSection
	GlobalSection(ProjectConfigurationPlatforms) = postSolution
		{CCA62E05-B035-49F6-A3B4-ACD21CD562E4}.Debug|Any CPU.ActiveCfg = Debug|Any CPU
		{CCA62E05-B035-49F6-A3B4-ACD21CD562E4}.Debug|Any CPU.Build.0 = Debug|Any CPU
		{CCA62E05-B035-49F6-A3B4-ACD21CD562E4}.Release|Any CPU.ActiveCfg = Release|Any CPU
		{CCA62E05-B035-49F6-A3B4-ACD21CD562E4}.Release|Any CPU.Build.0 = Release|Any CPU
	EndGlobalSection
	GlobalSection(SolutionProperties) = preSolution
		HideSolutionNode = FALSE
	EndGlobalSection
EndGlobal
