
Microsoft Visual Studio Solution File, Format Version 10.00
# Visual C++ Express 2008
Project("{8BC9CEB8-8B4A-11D0-8D11-00A0C91BC942}") = "vJoyInterface", "vJoyInterface.vcproj", "{0DF35F66-6410-4F14-BE33-018E8DE8DA47}"
EndProject
Global
	GlobalSection(SolutionConfigurationPlatforms) = preSolution
		Debug|Win32 = Debug|Win32
		Release|Win32 = Release|Win32
	EndGlobalSection
	GlobalSection(ProjectConfigurationPlatforms) = postSolution
		{0DF35F66-6410-4F14-BE33-018E8DE8DA47}.Debug|Win32.ActiveCfg = Debug|Win32
		{0DF35F66-6410-4F14-BE33-018E8DE8DA47}.Debug|Win32.Build.0 = Debug|Win32
		{0DF35F66-6410-4F14-BE33-018E8DE8DA47}.Release|Win32.ActiveCfg = Release|Win32
		{0DF35F66-6410-4F14-BE33-018E8DE8DA47}.Release|Win32.Build.0 = Release|Win32
	EndGlobalSection
	GlobalSection(SolutionProperties) = preSolution
		HideSolutionNode = FALSE
	EndGlobalSection
EndGlobal
